
Microsoft Visual Studio Solution File, Format Version 12.00
# Visual Studio 14
VisualStudioVersion = 14.0.23107.0
MinimumVisualStudioVersion = 10.0.40219.1
Project("{FAE04EC0-301F-11D3-BF4B-00C04F79EFBC}") = "AsyncAwait", "ConsoleApplication1\AsyncAwait.csproj", "{CF718874-9B1E-482F-8BE4-D5B6473ABABB}"
EndProject
Global
	GlobalSection(SolutionConfigurationPlatforms) = preSolution
		Debug|Any CPU = Debug|Any CPU
		Release|Any CPU = Release|Any CPU
	EndGlobalSection
	GlobalSection(ProjectConfigurationPlatforms) = postSolution
		{CF718874-9B1E-482F-8BE4-D5B6473ABABB}.Debug|Any CPU.ActiveCfg = Debug|Any CPU
		{CF718874-9B1E-482F-8BE4-D5B6473ABABB}.Debug|Any CPU.Build.0 = Debug|Any CPU
		{CF718874-9B1E-482F-8BE4-D5B6473ABABB}.Release|Any CPU.ActiveCfg = Release|Any CPU
		{CF718874-9B1E-482F-8BE4-D5B6473ABABB}.Release|Any CPU.Build.0 = Release|Any CPU
	EndGlobalSection
	GlobalSection(SolutionProperties) = preSolution
		HideSolutionNode = FALSE
	EndGlobalSection
EndGlobal
