
Microsoft Visual Studio Solution File, Format Version 12.00
# Visual Studio 2012
Project("{FAE04EC0-301F-11D3-BF4B-00C04F79EFBC}") = "Transfers", "Transfers\Transfers.csproj", "{6FFC9C2D-B3D6-488B-991C-1BC35F1B82FE}"
EndProject
Global
	GlobalSection(SolutionConfigurationPlatforms) = preSolution
		Debug|Any CPU = Debug|Any CPU
		Release|Any CPU = Release|Any CPU
	EndGlobalSection
	GlobalSection(ProjectConfigurationPlatforms) = postSolution
		{6FFC9C2D-B3D6-488B-991C-1BC35F1B82FE}.Debug|Any CPU.ActiveCfg = Debug|Any CPU
		{6FFC9C2D-B3D6-488B-991C-1BC35F1B82FE}.Debug|Any CPU.Build.0 = Debug|Any CPU
		{6FFC9C2D-B3D6-488B-991C-1BC35F1B82FE}.Release|Any CPU.ActiveCfg = Release|Any CPU
		{6FFC9C2D-B3D6-488B-991C-1BC35F1B82FE}.Release|Any CPU.Build.0 = Release|Any CPU
	EndGlobalSection
	GlobalSection(SolutionProperties) = preSolution
		HideSolutionNode = FALSE
	EndGlobalSection
EndGlobal
