
Microsoft Visual Studio Solution File, Format Version 12.00
# Visual Studio 2012
Project("{FAE04EC0-301F-11D3-BF4B-00C04F79EFBC}") = "TypeScriptDemo", "TypeScriptDemo\TypeScriptDemo.csproj", "{29AFC7A8-B137-4935-99CE-9162ED172C2B}"
EndProject
Global
	GlobalSection(SolutionConfigurationPlatforms) = preSolution
		Debug|Any CPU = Debug|Any CPU
		Release|Any CPU = Release|Any CPU
	EndGlobalSection
	GlobalSection(ProjectConfigurationPlatforms) = postSolution
		{29AFC7A8-B137-4935-99CE-9162ED172C2B}.Debug|Any CPU.ActiveCfg = Debug|Any CPU
		{29AFC7A8-B137-4935-99CE-9162ED172C2B}.Debug|Any CPU.Build.0 = Debug|Any CPU
		{29AFC7A8-B137-4935-99CE-9162ED172C2B}.Release|Any CPU.ActiveCfg = Release|Any CPU
		{29AFC7A8-B137-4935-99CE-9162ED172C2B}.Release|Any CPU.Build.0 = Release|Any CPU
	EndGlobalSection
	GlobalSection(SolutionProperties) = preSolution
		HideSolutionNode = FALSE
	EndGlobalSection
EndGlobal
