
Microsoft Visual Studio Solution File, Format Version 12.00
# Visual Studio 15
VisualStudioVersion = 15.0.26730.16
MinimumVisualStudioVersion = 10.0.40219.1
Project("{FAE04EC0-301F-11D3-BF4B-00C04F79EFBC}") = "AppMVCTest", "AppMVCTest\AppMVCTest.csproj", "{875E0216-0AB5-41BC-A642-D490BE6AFF87}"
EndProject
Project("{FAE04EC0-301F-11D3-BF4B-00C04F79EFBC}") = "AppMVCTest.Tests", "AppMVCTest.Tests\AppMVCTest.Tests.csproj", "{95C174D5-9F77-4334-A467-A33345F8E731}"
EndProject
Global
	GlobalSection(SolutionConfigurationPlatforms) = preSolution
		Debug|Any CPU = Debug|Any CPU
		Release|Any CPU = Release|Any CPU
	EndGlobalSection
	GlobalSection(ProjectConfigurationPlatforms) = postSolution
		{875E0216-0AB5-41BC-A642-D490BE6AFF87}.Debug|Any CPU.ActiveCfg = Debug|Any CPU
		{875E0216-0AB5-41BC-A642-D490BE6AFF87}.Debug|Any CPU.Build.0 = Debug|Any CPU
		{875E0216-0AB5-41BC-A642-D490BE6AFF87}.Release|Any CPU.ActiveCfg = Release|Any CPU
		{875E0216-0AB5-41BC-A642-D490BE6AFF87}.Release|Any CPU.Build.0 = Release|Any CPU
		{95C174D5-9F77-4334-A467-A33345F8E731}.Debug|Any CPU.ActiveCfg = Debug|Any CPU
		{95C174D5-9F77-4334-A467-A33345F8E731}.Debug|Any CPU.Build.0 = Debug|Any CPU
		{95C174D5-9F77-4334-A467-A33345F8E731}.Release|Any CPU.ActiveCfg = Release|Any CPU
		{95C174D5-9F77-4334-A467-A33345F8E731}.Release|Any CPU.Build.0 = Release|Any CPU
	EndGlobalSection
	GlobalSection(SolutionProperties) = preSolution
		HideSolutionNode = FALSE
	EndGlobalSection
	GlobalSection(ExtensibilityGlobals) = postSolution
		SolutionGuid = {AD0453EA-4453-492D-99FA-A792DBA55ED8}
	EndGlobalSection
EndGlobal
