
Microsoft Visual Studio Solution File, Format Version 12.00
# Visual Studio 2012
Project("{FAE04EC0-301F-11D3-BF4B-00C04F79EFBC}") = "KnockoutTest", "KnockoutTest\KnockoutTest.csproj", "{99A614F9-F7B5-4BEB-857A-35777D2FDDFC}"
EndProject
Project("{FAE04EC0-301F-11D3-BF4B-00C04F79EFBC}") = "KnockoutTest.Tests", "KnockoutTest.Tests\KnockoutTest.Tests.csproj", "{9D35052F-88CD-40C2-BDC9-3DFB8A3C0A92}"
EndProject
Global
	GlobalSection(SolutionConfigurationPlatforms) = preSolution
		Debug|Any CPU = Debug|Any CPU
		Release|Any CPU = Release|Any CPU
	EndGlobalSection
	GlobalSection(ProjectConfigurationPlatforms) = postSolution
		{99A614F9-F7B5-4BEB-857A-35777D2FDDFC}.Debug|Any CPU.ActiveCfg = Debug|Any CPU
		{99A614F9-F7B5-4BEB-857A-35777D2FDDFC}.Debug|Any CPU.Build.0 = Debug|Any CPU
		{99A614F9-F7B5-4BEB-857A-35777D2FDDFC}.Release|Any CPU.ActiveCfg = Release|Any CPU
		{99A614F9-F7B5-4BEB-857A-35777D2FDDFC}.Release|Any CPU.Build.0 = Release|Any CPU
		{9D35052F-88CD-40C2-BDC9-3DFB8A3C0A92}.Debug|Any CPU.ActiveCfg = Debug|Any CPU
		{9D35052F-88CD-40C2-BDC9-3DFB8A3C0A92}.Debug|Any CPU.Build.0 = Debug|Any CPU
		{9D35052F-88CD-40C2-BDC9-3DFB8A3C0A92}.Release|Any CPU.ActiveCfg = Release|Any CPU
		{9D35052F-88CD-40C2-BDC9-3DFB8A3C0A92}.Release|Any CPU.Build.0 = Release|Any CPU
	EndGlobalSection
	GlobalSection(SolutionProperties) = preSolution
		HideSolutionNode = FALSE
	EndGlobalSection
EndGlobal
