
Microsoft Visual Studio Solution File, Format Version 12.00
# Visual Studio 2012
Project("{CC5FD16D-436D-48AD-A40C-5A424C6E3E79}") = "WindowsAzureTest", "WindowsAzureTest\WindowsAzureTest.ccproj", "{CF443FDB-12AD-4B06-9D86-045E13F23559}"
EndProject
Project("{FAE04EC0-301F-11D3-BF4B-00C04F79EFBC}") = "WebRoleAspNet", "WebRoleAspNet\WebRoleAspNet.csproj", "{660D7CFF-65C0-4643-8003-A06E65C83927}"
EndProject
Global
	GlobalSection(SolutionConfigurationPlatforms) = preSolution
		Debug|Any CPU = Debug|Any CPU
		Release|Any CPU = Release|Any CPU
	EndGlobalSection
	GlobalSection(ProjectConfigurationPlatforms) = postSolution
		{CF443FDB-12AD-4B06-9D86-045E13F23559}.Debug|Any CPU.ActiveCfg = Debug|Any CPU
		{CF443FDB-12AD-4B06-9D86-045E13F23559}.Debug|Any CPU.Build.0 = Debug|Any CPU
		{CF443FDB-12AD-4B06-9D86-045E13F23559}.Release|Any CPU.ActiveCfg = Release|Any CPU
		{CF443FDB-12AD-4B06-9D86-045E13F23559}.Release|Any CPU.Build.0 = Release|Any CPU
		{660D7CFF-65C0-4643-8003-A06E65C83927}.Debug|Any CPU.ActiveCfg = Debug|Any CPU
		{660D7CFF-65C0-4643-8003-A06E65C83927}.Debug|Any CPU.Build.0 = Debug|Any CPU
		{660D7CFF-65C0-4643-8003-A06E65C83927}.Release|Any CPU.ActiveCfg = Release|Any CPU
		{660D7CFF-65C0-4643-8003-A06E65C83927}.Release|Any CPU.Build.0 = Release|Any CPU
	EndGlobalSection
	GlobalSection(SolutionProperties) = preSolution
		HideSolutionNode = FALSE
	EndGlobalSection
EndGlobal
