
Microsoft Visual Studio Solution File, Format Version 11.00
# Visual Studio 2010
Project("{FAE04EC0-301F-11D3-BF4B-00C04F79EFBC}") = "RavenDb", "RavenDb\RavenDb.csproj", "{CED147D5-7722-4F86-9308-3C9941D79E5D}"
EndProject
Global
	GlobalSection(SolutionConfigurationPlatforms) = preSolution
		Debug|x86 = Debug|x86
		Release|x86 = Release|x86
	EndGlobalSection
	GlobalSection(ProjectConfigurationPlatforms) = postSolution
		{CED147D5-7722-4F86-9308-3C9941D79E5D}.Debug|x86.ActiveCfg = Debug|x86
		{CED147D5-7722-4F86-9308-3C9941D79E5D}.Debug|x86.Build.0 = Debug|x86
		{CED147D5-7722-4F86-9308-3C9941D79E5D}.Release|x86.ActiveCfg = Release|x86
		{CED147D5-7722-4F86-9308-3C9941D79E5D}.Release|x86.Build.0 = Release|x86
	EndGlobalSection
	GlobalSection(SolutionProperties) = preSolution
		HideSolutionNode = FALSE
	EndGlobalSection
EndGlobal
